
Microsoft Visual Studio Solution File, Format Version 12.00
# Visual Studio Version 16
VisualStudioVersion = 16.0.30225.117
MinimumVisualStudioVersion = 10.0.40219.1
Project("{FAE04EC0-301F-11D3-BF4B-00C04F79EFBC}") = "eCommerceSite", "eCommerceSite\eCommerceSite.csproj", "{67A32E52-888B-4F00-91A7-F6FC675D7D07}"
EndProject
Global
	GlobalSection(SolutionConfigurationPlatforms) = preSolution
		Debug|Any CPU = Debug|Any CPU
		Release|Any CPU = Release|Any CPU
	EndGlobalSection
	GlobalSection(ProjectConfigurationPlatforms) = postSolution
		{67A32E52-888B-4F00-91A7-F6FC675D7D07}.Debug|Any CPU.ActiveCfg = Debug|Any CPU
		{67A32E52-888B-4F00-91A7-F6FC675D7D07}.Debug|Any CPU.Build.0 = Debug|Any CPU
		{67A32E52-888B-4F00-91A7-F6FC675D7D07}.Release|Any CPU.ActiveCfg = Release|Any CPU
		{67A32E52-888B-4F00-91A7-F6FC675D7D07}.Release|Any CPU.Build.0 = Release|Any CPU
	EndGlobalSection
	GlobalSection(SolutionProperties) = preSolution
		HideSolutionNode = FALSE
	EndGlobalSection
	GlobalSection(ExtensibilityGlobals) = postSolution
		SolutionGuid = {72C573FC-A5C9-4C64-9692-F7F5A999AA2F}
	EndGlobalSection
EndGlobal
